
Microsoft Visual Studio Solution File, Format Version 12.00
# Visual Studio Version 16
VisualStudioVersion = 16.0.32228.343
MinimumVisualStudioVersion = 10.0.40219.1
Project("{9A19103F-16F7-4668-BE54-9A1E7A4F7556}") = "Servicios.api.Libreria", "Servicios.api.Libreria\Servicios.api.Libreria.csproj", "{9B523C08-02F8-465A-A9EA-BD07C6AC52D0}"
EndProject
Global
	GlobalSection(SolutionConfigurationPlatforms) = preSolution
		Debug|Any CPU = Debug|Any CPU
		Release|Any CPU = Release|Any CPU
	EndGlobalSection
	GlobalSection(ProjectConfigurationPlatforms) = postSolution
		{9B523C08-02F8-465A-A9EA-BD07C6AC52D0}.Debug|Any CPU.ActiveCfg = Debug|Any CPU
		{9B523C08-02F8-465A-A9EA-BD07C6AC52D0}.Debug|Any CPU.Build.0 = Debug|Any CPU
		{9B523C08-02F8-465A-A9EA-BD07C6AC52D0}.Release|Any CPU.ActiveCfg = Release|Any CPU
		{9B523C08-02F8-465A-A9EA-BD07C6AC52D0}.Release|Any CPU.Build.0 = Release|Any CPU
	EndGlobalSection
	GlobalSection(SolutionProperties) = preSolution
		HideSolutionNode = FALSE
	EndGlobalSection
	GlobalSection(ExtensibilityGlobals) = postSolution
		SolutionGuid = {FC3E63C3-E4E3-4639-82CB-A97ECD422322}
	EndGlobalSection
EndGlobal
